{
  "version": "5",
  "specifiers": {
    "jsr:@eai/logging-ts@^2.6.0": "2.7.1",
    "jsr:@hono/hono@^4.6.0": "4.12.24",
    "jsr:@std/assert@^1.0.14": "1.0.19",
    "jsr:@std/encoding@1": "1.0.10",
    "jsr:@std/fmt@^1.0.5": "1.0.10",
    "jsr:@std/fmt@^1.0.9": "1.0.10",
    "jsr:@std/fs@^1.0.11": "1.0.23",
    "jsr:@std/internal@^1.0.12": "1.0.13",
    "jsr:@std/io@~0.225.2": "0.225.3",
    "jsr:@std/json@^1.0.2": "1.1.0",
    "jsr:@std/jsonc@^1.0.2": "1.0.2",
    "jsr:@std/log@0.224": "0.224.14",
    "jsr:@std/path@^1.1.4": "1.1.4"
  },
  "jsr": {
    "@eai/logging-ts@2.7.1": {
      "integrity": "f9b1a3fc25430b6a1de9875ee9eb0dba4d40fb56bc1bcb6d75fc36f99e2384c9",
      "dependencies": [
        "jsr:@std/fmt@^1.0.9",
        "jsr:@std/jsonc",
        "jsr:@std/log",
        "jsr:@std/path"
      ]
    },
    "@hono/hono@4.12.24": {
      "integrity": "a74a40f06ae6704ddd0e8e576f6da9d34666c3e1e0f5412a2c1ff800ffd092f4"
    },
    "@std/assert@1.0.19": {
      "integrity": "eaada96ee120cb980bc47e040f82814d786fe8162ecc53c91d8df60b8755991e",
      "dependencies": [
        "jsr:@std/internal"
      ]
    },
    "@std/encoding@1.0.10": {
      "integrity": "8783c6384a2d13abd5e9e87a7ae0520a30e9f56aeeaa3bdf910a3eaaf5c811a1"
    },
    "@std/fmt@1.0.10": {
      "integrity": "90dfba288802ac6de82fb31d0917eb9e4450b9925b954d5e51fc29ac07419db5"
    },
    "@std/fs@1.0.23": {
      "integrity": "3ecbae4ce4fee03b180fa710caff36bb5adb66631c46a6460aaad49515565a37"
    },
    "@std/internal@1.0.13": {
      "integrity": "2f9546691d4ac2d32859c82dff284aaeac980ddeca38430d07941e7e288725c0"
    },
    "@std/io@0.225.3": {
      "integrity": "27b07b591384d12d7b568f39e61dff966b8230559122df1e9fd11cc068f7ddd1"
    },
    "@std/json@1.1.0": {
      "integrity": "93330d3ed4054d6b1ffe54b075432c80a5f671be77277b978931e018014cb1cc"
    },
    "@std/jsonc@1.0.2": {
      "integrity": "909605dae3af22bd75b1cbda8d64a32cf1fd2cf6efa3f9e224aba6d22c0f44c7",
      "dependencies": [
        "jsr:@std/json"
      ]
    },
    "@std/log@0.224.14": {
      "integrity": "257f7adceee3b53bb2bc86c7242e7d1bc59729e57d4981c4a7e5b876c808f05e",
      "dependencies": [
        "jsr:@std/fmt@^1.0.5",
        "jsr:@std/fs",
        "jsr:@std/io"
      ]
    },
    "@std/path@1.1.4": {
      "integrity": "1d2d43f39efb1b42f0b1882a25486647cb851481862dc7313390b2bb044314b5",
      "dependencies": [
        "jsr:@std/internal"
      ]
    }
  },
  "workspace": {
    "dependencies": [
      "jsr:@eai/logging-ts@^2.6.0",
      "jsr:@hono/hono@^4.6.0",
      "jsr:@std/assert@^1.0.14",
      "jsr:@std/encoding@1"
    ],
    "packageJson": {
      "dependencies": [
        "npm:@types/react-dom@^18.3.1",
        "npm:@types/react@^18.3.12",
        "npm:@vitejs/plugin-react@^4.3.4",
        "npm:react-dom@^18.3.1",
        "npm:react@^18.3.1",
        "npm:typescript@^5.6.3",
        "npm:vite@^5.4.11"
      ]
    }
  }
}
